
Microsoft Visual Studio Solution File, Format Version 12.00
# Visual Studio Version 17
VisualStudioVersion = 17.4.33403.182
MinimumVisualStudioVersion = 10.0.40219.1
Project("{8BC9CEB8-8B4A-11D0-8D11-00A0C91BC942}") = "CPPTask1", "CPPTask1\CPPTask1.vcxproj", "{70C7BF86-672D-429A-B4E5-C8D769B56017}"
EndProject
Global
	GlobalSection(SolutionConfigurationPlatforms) = preSolution
		Debug|x64 = Debug|x64
		Debug|x86 = Debug|x86
		Release|x64 = Release|x64
		Release|x86 = Release|x86
	EndGlobalSection
	GlobalSection(ProjectConfigurationPlatforms) = postSolution
		{70C7BF86-672D-429A-B4E5-C8D769B56017}.Debug|x64.ActiveCfg = Debug|x64
		{70C7BF86-672D-429A-B4E5-C8D769B56017}.Debug|x64.Build.0 = Debug|x64
		{70C7BF86-672D-429A-B4E5-C8D769B56017}.Debug|x86.ActiveCfg = Debug|Win32
		{70C7BF86-672D-429A-B4E5-C8D769B56017}.Debug|x86.Build.0 = Debug|Win32
		{70C7BF86-672D-429A-B4E5-C8D769B56017}.Release|x64.ActiveCfg = Release|x64
		{70C7BF86-672D-429A-B4E5-C8D769B56017}.Release|x64.Build.0 = Release|x64
		{70C7BF86-672D-429A-B4E5-C8D769B56017}.Release|x86.ActiveCfg = Release|Win32
		{70C7BF86-672D-429A-B4E5-C8D769B56017}.Release|x86.Build.0 = Release|Win32
	EndGlobalSection
	GlobalSection(SolutionProperties) = preSolution
		HideSolutionNode = FALSE
	EndGlobalSection
	GlobalSection(ExtensibilityGlobals) = postSolution
		SolutionGuid = {F22E7B49-89D8-4495-82E9-13432EE5A526}
	EndGlobalSection
EndGlobal
